
Microsoft Visual Studio Solution File, Format Version 12.00
# Visual Studio Version 17
VisualStudioVersion = 17.0.31903.59
MinimumVisualStudioVersion = 10.0.40219.1
Project("{FAE04EC0-301F-11D3-BF4B-00C04F79EFBC}") = "AuthenticationAndAuthorization.API", "AuthenticationAndAuthorization.API\AuthenticationAndAuthorization.API.csproj", "{DEA9A9F0-1C8B-4201-8351-480DF56D17AA}"
EndProject
Project("{FAE04EC0-301F-11D3-BF4B-00C04F79EFBC}") = "RabbitMQ.ProducerDemo", "RabbitMQ.ProducerDemo\RabbitMQ.ProducerDemo.csproj", "{A3FDE6AF-4B54-4E4E-80A9-2D5516E8A158}"
EndProject
Project("{FAE04EC0-301F-11D3-BF4B-00C04F79EFBC}") = "RabbitMQ.ConsumerDemo", "RabbitMQ.ConsumerDemo\RabbitMQ.ConsumerDemo.csproj", "{F74734A7-2CE8-4546-84E9-CFCB9C6E006F}"
EndProject
Project("{FAE04EC0-301F-11D3-BF4B-00C04F79EFBC}") = "RabbitMQ.DLQDemo", "RabbitMQ.DLQDemo\RabbitMQ.DLQDemo.csproj", "{7FCBF5D0-30D0-4587-BFD9-B75162A69418}"
EndProject
Project("{FAE04EC0-301F-11D3-BF4B-00C04F79EFBC}") = "RabbitMQ.RetryDemo", "RabbitMQ.RetryDemo\RabbitMQ.RetryDemo.csproj", "{348A4EB6-AD84-4823-8B12-AE2DB1B1033B}"
EndProject
Project("{FAE04EC0-301F-11D3-BF4B-00C04F79EFBC}") = "RabbitMQ.RetryCountDemo", "RabbitMQ.RetryCountDemo\RabbitMQ.RetryCountDemo.csproj", "{24FF072D-C1C1-4146-8722-F0F175FBD254}"
EndProject
Project("{2150E333-8FDC-42A3-9474-1A3956D46DE8}") = "RedisPeojets", "RedisPeojets", "{7AD6C5A2-346D-48BC-B0A5-7DFFC81A3172}"
EndProject
Project("{FAE04EC0-301F-11D3-BF4B-00C04F79EFBC}") = "RedisDay4", "RedisPeojets\RedisDay4\RedisDay4.csproj", "{A28C5108-67FA-4754-9ECD-99850808CEA4}"
EndProject
Global
	GlobalSection(SolutionConfigurationPlatforms) = preSolution
		Debug|Any CPU = Debug|Any CPU
		Release|Any CPU = Release|Any CPU
	EndGlobalSection
	GlobalSection(SolutionProperties) = preSolution
		HideSolutionNode = FALSE
	EndGlobalSection
	GlobalSection(ProjectConfigurationPlatforms) = postSolution
		{DEA9A9F0-1C8B-4201-8351-480DF56D17AA}.Debug|Any CPU.ActiveCfg = Debug|Any CPU
		{DEA9A9F0-1C8B-4201-8351-480DF56D17AA}.Debug|Any CPU.Build.0 = Debug|Any CPU
		{DEA9A9F0-1C8B-4201-8351-480DF56D17AA}.Release|Any CPU.ActiveCfg = Release|Any CPU
		{DEA9A9F0-1C8B-4201-8351-480DF56D17AA}.Release|Any CPU.Build.0 = Release|Any CPU
		{A3FDE6AF-4B54-4E4E-80A9-2D5516E8A158}.Debug|Any CPU.ActiveCfg = Debug|Any CPU
		{A3FDE6AF-4B54-4E4E-80A9-2D5516E8A158}.Debug|Any CPU.Build.0 = Debug|Any CPU
		{A3FDE6AF-4B54-4E4E-80A9-2D5516E8A158}.Release|Any CPU.ActiveCfg = Release|Any CPU
		{A3FDE6AF-4B54-4E4E-80A9-2D5516E8A158}.Release|Any CPU.Build.0 = Release|Any CPU
		{F74734A7-2CE8-4546-84E9-CFCB9C6E006F}.Debug|Any CPU.ActiveCfg = Debug|Any CPU
		{F74734A7-2CE8-4546-84E9-CFCB9C6E006F}.Debug|Any CPU.Build.0 = Debug|Any CPU
		{F74734A7-2CE8-4546-84E9-CFCB9C6E006F}.Release|Any CPU.ActiveCfg = Release|Any CPU
		{F74734A7-2CE8-4546-84E9-CFCB9C6E006F}.Release|Any CPU.Build.0 = Release|Any CPU
		{7FCBF5D0-30D0-4587-BFD9-B75162A69418}.Debug|Any CPU.ActiveCfg = Debug|Any CPU
		{7FCBF5D0-30D0-4587-BFD9-B75162A69418}.Debug|Any CPU.Build.0 = Debug|Any CPU
		{7FCBF5D0-30D0-4587-BFD9-B75162A69418}.Release|Any CPU.ActiveCfg = Release|Any CPU
		{7FCBF5D0-30D0-4587-BFD9-B75162A69418}.Release|Any CPU.Build.0 = Release|Any CPU
		{348A4EB6-AD84-4823-8B12-AE2DB1B1033B}.Debug|Any CPU.ActiveCfg = Debug|Any CPU
		{348A4EB6-AD84-4823-8B12-AE2DB1B1033B}.Debug|Any CPU.Build.0 = Debug|Any CPU
		{348A4EB6-AD84-4823-8B12-AE2DB1B1033B}.Release|Any CPU.ActiveCfg = Release|Any CPU
		{348A4EB6-AD84-4823-8B12-AE2DB1B1033B}.Release|Any CPU.Build.0 = Release|Any CPU
		{24FF072D-C1C1-4146-8722-F0F175FBD254}.Debug|Any CPU.ActiveCfg = Debug|Any CPU
		{24FF072D-C1C1-4146-8722-F0F175FBD254}.Debug|Any CPU.Build.0 = Debug|Any CPU
		{24FF072D-C1C1-4146-8722-F0F175FBD254}.Release|Any CPU.ActiveCfg = Release|Any CPU
		{24FF072D-C1C1-4146-8722-F0F175FBD254}.Release|Any CPU.Build.0 = Release|Any CPU
		{A28C5108-67FA-4754-9ECD-99850808CEA4}.Debug|Any CPU.ActiveCfg = Debug|Any CPU
		{A28C5108-67FA-4754-9ECD-99850808CEA4}.Debug|Any CPU.Build.0 = Debug|Any CPU
		{A28C5108-67FA-4754-9ECD-99850808CEA4}.Release|Any CPU.ActiveCfg = Release|Any CPU
		{A28C5108-67FA-4754-9ECD-99850808CEA4}.Release|Any CPU.Build.0 = Release|Any CPU
	EndGlobalSection
	GlobalSection(NestedProjects) = preSolution
		{A28C5108-67FA-4754-9ECD-99850808CEA4} = {7AD6C5A2-346D-48BC-B0A5-7DFFC81A3172}
	EndGlobalSection
EndGlobal
